
Microsoft Visual Studio Solution File, Format Version 12.00
# Visual Studio Version 17
VisualStudioVersion = 17.10.35013.160
MinimumVisualStudioVersion = 10.0.40219.1
Project("{2150E333-8FDC-42A3-9474-1A3956D46DE8}") = "Lab3", "Lab3", "{B1640145-5ECA-430F-92FE-0A9149486E5C}"
EndProject
Project("{9A19103F-16F7-4668-BE54-9A1E7A4F7556}") = "Lab3", "Lab3\Lab3.csproj", "{551955B5-3AF1-44E2-AEE9-CBDDCC1406E5}"
EndProject
Project("{2150E333-8FDC-42A3-9474-1A3956D46DE8}") = "Lab4", "Lab4", "{8487A99A-146C-4BB0-82BD-C7F4FDC7107B}"
EndProject
Project("{9A19103F-16F7-4668-BE54-9A1E7A4F7556}") = "Lab4", "Lab4\Lab4.csproj", "{85E1C3C4-E32E-4F09-9096-EDB8B12F77EB}"
EndProject
Project("{2150E333-8FDC-42A3-9474-1A3956D46DE8}") = "Lab5", "Lab5", "{6B8AC0EA-F61F-4BEF-85AD-7588C45C8809}"
EndProject
Project("{FAE04EC0-301F-11D3-BF4B-00C04F79EFBC}") = "Lab5", "Lab 5\Lab5.csproj", "{1CA5EE9F-5FEF-4ECF-9D47-E958FA85E455}"
EndProject
Global
	GlobalSection(SolutionConfigurationPlatforms) = preSolution
		Debug|Any CPU = Debug|Any CPU
		Release|Any CPU = Release|Any CPU
	EndGlobalSection
	GlobalSection(ProjectConfigurationPlatforms) = postSolution
		{551955B5-3AF1-44E2-AEE9-CBDDCC1406E5}.Debug|Any CPU.ActiveCfg = Debug|Any CPU
		{551955B5-3AF1-44E2-AEE9-CBDDCC1406E5}.Debug|Any CPU.Build.0 = Debug|Any CPU
		{551955B5-3AF1-44E2-AEE9-CBDDCC1406E5}.Release|Any CPU.ActiveCfg = Release|Any CPU
		{551955B5-3AF1-44E2-AEE9-CBDDCC1406E5}.Release|Any CPU.Build.0 = Release|Any CPU
		{85E1C3C4-E32E-4F09-9096-EDB8B12F77EB}.Debug|Any CPU.ActiveCfg = Debug|Any CPU
		{85E1C3C4-E32E-4F09-9096-EDB8B12F77EB}.Debug|Any CPU.Build.0 = Debug|Any CPU
		{85E1C3C4-E32E-4F09-9096-EDB8B12F77EB}.Release|Any CPU.ActiveCfg = Release|Any CPU
		{85E1C3C4-E32E-4F09-9096-EDB8B12F77EB}.Release|Any CPU.Build.0 = Release|Any CPU
		{1CA5EE9F-5FEF-4ECF-9D47-E958FA85E455}.Debug|Any CPU.ActiveCfg = Debug|Any CPU
		{1CA5EE9F-5FEF-4ECF-9D47-E958FA85E455}.Debug|Any CPU.Build.0 = Debug|Any CPU
		{1CA5EE9F-5FEF-4ECF-9D47-E958FA85E455}.Release|Any CPU.ActiveCfg = Release|Any CPU
		{1CA5EE9F-5FEF-4ECF-9D47-E958FA85E455}.Release|Any CPU.Build.0 = Release|Any CPU
	EndGlobalSection
	GlobalSection(SolutionProperties) = preSolution
		HideSolutionNode = FALSE
	EndGlobalSection
	GlobalSection(NestedProjects) = preSolution
		{551955B5-3AF1-44E2-AEE9-CBDDCC1406E5} = {B1640145-5ECA-430F-92FE-0A9149486E5C}
		{85E1C3C4-E32E-4F09-9096-EDB8B12F77EB} = {8487A99A-146C-4BB0-82BD-C7F4FDC7107B}
		{1CA5EE9F-5FEF-4ECF-9D47-E958FA85E455} = {6B8AC0EA-F61F-4BEF-85AD-7588C45C8809}
	EndGlobalSection
	GlobalSection(ExtensibilityGlobals) = postSolution
		SolutionGuid = {FA6127CB-5076-4BE4-95DB-076FEA7EA3D2}
	EndGlobalSection
EndGlobal
