
Microsoft Visual Studio Solution File, Format Version 12.00
# Visual Studio Version 17
VisualStudioVersion = 17.10.35013.160
MinimumVisualStudioVersion = 10.0.40219.1
Project("{2150E333-8FDC-42A3-9474-1A3956D46DE8}") = "Lab3", "Lab3", "{B1640145-5ECA-430F-92FE-0A9149486E5C}"
EndProject
Project("{9A19103F-16F7-4668-BE54-9A1E7A4F7556}") = "Lab3", "Lab3\Lab3.csproj", "{551955B5-3AF1-44E2-AEE9-CBDDCC1406E5}"
EndProject
Project("{2150E333-8FDC-42A3-9474-1A3956D46DE8}") = "Lab4", "Lab4", "{8487A99A-146C-4BB0-82BD-C7F4FDC7107B}"
EndProject
Project("{9A19103F-16F7-4668-BE54-9A1E7A4F7556}") = "Lab4", "Lab4\Lab4.csproj", "{85E1C3C4-E32E-4F09-9096-EDB8B12F77EB}"
EndProject
Project("{2150E333-8FDC-42A3-9474-1A3956D46DE8}") = "Lab5", "Lab5", "{6B8AC0EA-F61F-4BEF-85AD-7588C45C8809}"
EndProject
Project("{9A19103F-16F7-4668-BE54-9A1E7A4F7556}") = "Lab5", "Lab 5\Lab5.csproj", "{1CA5EE9F-5FEF-4ECF-9D47-E958FA85E455}"
EndProject
Project("{2150E333-8FDC-42A3-9474-1A3956D46DE8}") = "Chocolates", "Chocolates", "{3198AFA7-D713-4A4A-896F-260989301E7B}"
EndProject
Project("{9A19103F-16F7-4668-BE54-9A1E7A4F7556}") = "Chocolates", "Chocolates\Chocolates.csproj", "{0FDFE012-C027-46EA-9C85-4739280A989E}"
EndProject
Project("{2150E333-8FDC-42A3-9474-1A3956D46DE8}") = "Lab6", "Lab6", "{32AE4C49-95BD-4F7F-B35A-F51B22B28C4D}"
EndProject
Project("{9A19103F-16F7-4668-BE54-9A1E7A4F7556}") = "Lab6", "Lab6\Lab6.csproj", "{C2798109-6366-4DF4-BA31-AB9B52EE4A8C}"
EndProject
Project("{2150E333-8FDC-42A3-9474-1A3956D46DE8}") = "Lab8", "Lab8", "{B9C72E3D-EA71-43D4-A892-32345A766DF0}"
EndProject
Project("{9A19103F-16F7-4668-BE54-9A1E7A4F7556}") = "Lab8", "Lab8\Lab8\Lab8.csproj", "{19E363E5-D7F1-48E2-A2DA-4A28EEE373D1}"
EndProject
Project("{2150E333-8FDC-42A3-9474-1A3956D46DE8}") = "TheLongestSequenceX", "TheLongestSequenceX", "{C763DB37-2083-4132-8AC9-CB96A0A95502}"
EndProject
Project("{9A19103F-16F7-4668-BE54-9A1E7A4F7556}") = "TheLongestSequenceX", "TheLongestSequenceX\TheLongestSequenceX.csproj", "{9FA01061-01B8-460D-AFE0-C2F56473F208}"
EndProject
Project("{2150E333-8FDC-42A3-9474-1A3956D46DE8}") = "Lab9", "Lab9", "{010B9BB4-45F5-4400-9E82-EADECC4CC6F9}"
EndProject
Project("{9A19103F-16F7-4668-BE54-9A1E7A4F7556}") = "Lab9", "Lab9\Lab9.csproj", "{252EF1CD-8659-4157-A2C6-8C19A7004330}"
EndProject
Project("{2150E333-8FDC-42A3-9474-1A3956D46DE8}") = "Lab10", "Lab10", "{DC153088-8BEC-4767-9094-AAD4B13E1BD0}"
EndProject
Project("{9A19103F-16F7-4668-BE54-9A1E7A4F7556}") = "Lab10", "Lab10\Lab10.csproj", "{C4F7CAA9-74C0-46AF-8686-A69A975F1A84}"
EndProject
Project("{2150E333-8FDC-42A3-9474-1A3956D46DE8}") = "Lab11", "Lab11", "{27FB8D24-5029-40BB-834F-1CF2668849C8}"
EndProject
Project("{9A19103F-16F7-4668-BE54-9A1E7A4F7556}") = "Lab11", "Lab11\Lab11.csproj", "{34045977-40F9-4161-B1CA-D9E692439463}"
EndProject
Project("{2150E333-8FDC-42A3-9474-1A3956D46DE8}") = "Lab12", "Lab12", "{EDF8C1F3-7F76-4080-9C52-B148CD19D04E}"
EndProject
Project("{9A19103F-16F7-4668-BE54-9A1E7A4F7556}") = "Lab12", "Lab12\Lab12.csproj", "{0AF34E0F-FC6B-41DD-87AA-968915F60761}"
EndProject
Project("{2150E333-8FDC-42A3-9474-1A3956D46DE8}") = "Chat", "Chat", "{8C20B7B8-CF6A-4CEA-A2CF-EC23BA1A1F6F}"
EndProject
Project("{FAE04EC0-301F-11D3-BF4B-00C04F79EFBC}") = "Client", "Chat\Client\Client.csproj", "{3D6D3001-8EAF-460C-AA7D-C4E2BB4260FF}"
EndProject
Project("{FAE04EC0-301F-11D3-BF4B-00C04F79EFBC}") = "Server", "Chat\Server\Server.csproj", "{D66B946B-AD40-47A6-B6C8-D265CB1931EB}"
EndProject
Project("{FAE04EC0-301F-11D3-BF4B-00C04F79EFBC}") = "Helpers", "Chat\Helpers\Helpers.csproj", "{C05F20B9-3B8C-4684-93C9-955428781F77}"
EndProject
Global
	GlobalSection(SolutionConfigurationPlatforms) = preSolution
		Debug|Any CPU = Debug|Any CPU
		Release|Any CPU = Release|Any CPU
	EndGlobalSection
	GlobalSection(ProjectConfigurationPlatforms) = postSolution
		{551955B5-3AF1-44E2-AEE9-CBDDCC1406E5}.Debug|Any CPU.ActiveCfg = Debug|Any CPU
		{551955B5-3AF1-44E2-AEE9-CBDDCC1406E5}.Debug|Any CPU.Build.0 = Debug|Any CPU
		{551955B5-3AF1-44E2-AEE9-CBDDCC1406E5}.Release|Any CPU.ActiveCfg = Release|Any CPU
		{551955B5-3AF1-44E2-AEE9-CBDDCC1406E5}.Release|Any CPU.Build.0 = Release|Any CPU
		{85E1C3C4-E32E-4F09-9096-EDB8B12F77EB}.Debug|Any CPU.ActiveCfg = Debug|Any CPU
		{85E1C3C4-E32E-4F09-9096-EDB8B12F77EB}.Debug|Any CPU.Build.0 = Debug|Any CPU
		{85E1C3C4-E32E-4F09-9096-EDB8B12F77EB}.Release|Any CPU.ActiveCfg = Release|Any CPU
		{85E1C3C4-E32E-4F09-9096-EDB8B12F77EB}.Release|Any CPU.Build.0 = Release|Any CPU
		{1CA5EE9F-5FEF-4ECF-9D47-E958FA85E455}.Debug|Any CPU.ActiveCfg = Debug|Any CPU
		{1CA5EE9F-5FEF-4ECF-9D47-E958FA85E455}.Debug|Any CPU.Build.0 = Debug|Any CPU
		{1CA5EE9F-5FEF-4ECF-9D47-E958FA85E455}.Release|Any CPU.ActiveCfg = Release|Any CPU
		{1CA5EE9F-5FEF-4ECF-9D47-E958FA85E455}.Release|Any CPU.Build.0 = Release|Any CPU
		{0FDFE012-C027-46EA-9C85-4739280A989E}.Debug|Any CPU.ActiveCfg = Debug|Any CPU
		{0FDFE012-C027-46EA-9C85-4739280A989E}.Debug|Any CPU.Build.0 = Debug|Any CPU
		{0FDFE012-C027-46EA-9C85-4739280A989E}.Release|Any CPU.ActiveCfg = Release|Any CPU
		{0FDFE012-C027-46EA-9C85-4739280A989E}.Release|Any CPU.Build.0 = Release|Any CPU
		{C2798109-6366-4DF4-BA31-AB9B52EE4A8C}.Debug|Any CPU.ActiveCfg = Debug|Any CPU
		{C2798109-6366-4DF4-BA31-AB9B52EE4A8C}.Debug|Any CPU.Build.0 = Debug|Any CPU
		{C2798109-6366-4DF4-BA31-AB9B52EE4A8C}.Release|Any CPU.ActiveCfg = Release|Any CPU
		{C2798109-6366-4DF4-BA31-AB9B52EE4A8C}.Release|Any CPU.Build.0 = Release|Any CPU
		{19E363E5-D7F1-48E2-A2DA-4A28EEE373D1}.Debug|Any CPU.ActiveCfg = Debug|Any CPU
		{19E363E5-D7F1-48E2-A2DA-4A28EEE373D1}.Debug|Any CPU.Build.0 = Debug|Any CPU
		{19E363E5-D7F1-48E2-A2DA-4A28EEE373D1}.Release|Any CPU.ActiveCfg = Release|Any CPU
		{19E363E5-D7F1-48E2-A2DA-4A28EEE373D1}.Release|Any CPU.Build.0 = Release|Any CPU
		{9FA01061-01B8-460D-AFE0-C2F56473F208}.Debug|Any CPU.ActiveCfg = Debug|Any CPU
		{9FA01061-01B8-460D-AFE0-C2F56473F208}.Debug|Any CPU.Build.0 = Debug|Any CPU
		{9FA01061-01B8-460D-AFE0-C2F56473F208}.Release|Any CPU.ActiveCfg = Release|Any CPU
		{9FA01061-01B8-460D-AFE0-C2F56473F208}.Release|Any CPU.Build.0 = Release|Any CPU
		{252EF1CD-8659-4157-A2C6-8C19A7004330}.Debug|Any CPU.ActiveCfg = Debug|Any CPU
		{252EF1CD-8659-4157-A2C6-8C19A7004330}.Debug|Any CPU.Build.0 = Debug|Any CPU
		{252EF1CD-8659-4157-A2C6-8C19A7004330}.Release|Any CPU.ActiveCfg = Release|Any CPU
		{252EF1CD-8659-4157-A2C6-8C19A7004330}.Release|Any CPU.Build.0 = Release|Any CPU
		{C4F7CAA9-74C0-46AF-8686-A69A975F1A84}.Debug|Any CPU.ActiveCfg = Debug|Any CPU
		{C4F7CAA9-74C0-46AF-8686-A69A975F1A84}.Debug|Any CPU.Build.0 = Debug|Any CPU
		{C4F7CAA9-74C0-46AF-8686-A69A975F1A84}.Release|Any CPU.ActiveCfg = Release|Any CPU
		{C4F7CAA9-74C0-46AF-8686-A69A975F1A84}.Release|Any CPU.Build.0 = Release|Any CPU
		{34045977-40F9-4161-B1CA-D9E692439463}.Debug|Any CPU.ActiveCfg = Debug|Any CPU
		{34045977-40F9-4161-B1CA-D9E692439463}.Debug|Any CPU.Build.0 = Debug|Any CPU
		{34045977-40F9-4161-B1CA-D9E692439463}.Release|Any CPU.ActiveCfg = Release|Any CPU
		{34045977-40F9-4161-B1CA-D9E692439463}.Release|Any CPU.Build.0 = Release|Any CPU
		{0AF34E0F-FC6B-41DD-87AA-968915F60761}.Debug|Any CPU.ActiveCfg = Debug|Any CPU
		{0AF34E0F-FC6B-41DD-87AA-968915F60761}.Debug|Any CPU.Build.0 = Debug|Any CPU
		{0AF34E0F-FC6B-41DD-87AA-968915F60761}.Release|Any CPU.ActiveCfg = Release|Any CPU
		{0AF34E0F-FC6B-41DD-87AA-968915F60761}.Release|Any CPU.Build.0 = Release|Any CPU
		{3D6D3001-8EAF-460C-AA7D-C4E2BB4260FF}.Debug|Any CPU.ActiveCfg = Debug|Any CPU
		{3D6D3001-8EAF-460C-AA7D-C4E2BB4260FF}.Debug|Any CPU.Build.0 = Debug|Any CPU
		{3D6D3001-8EAF-460C-AA7D-C4E2BB4260FF}.Release|Any CPU.ActiveCfg = Release|Any CPU
		{3D6D3001-8EAF-460C-AA7D-C4E2BB4260FF}.Release|Any CPU.Build.0 = Release|Any CPU
		{D66B946B-AD40-47A6-B6C8-D265CB1931EB}.Debug|Any CPU.ActiveCfg = Debug|Any CPU
		{D66B946B-AD40-47A6-B6C8-D265CB1931EB}.Debug|Any CPU.Build.0 = Debug|Any CPU
		{D66B946B-AD40-47A6-B6C8-D265CB1931EB}.Release|Any CPU.ActiveCfg = Release|Any CPU
		{D66B946B-AD40-47A6-B6C8-D265CB1931EB}.Release|Any CPU.Build.0 = Release|Any CPU
		{C05F20B9-3B8C-4684-93C9-955428781F77}.Debug|Any CPU.ActiveCfg = Debug|Any CPU
		{C05F20B9-3B8C-4684-93C9-955428781F77}.Debug|Any CPU.Build.0 = Debug|Any CPU
		{C05F20B9-3B8C-4684-93C9-955428781F77}.Release|Any CPU.ActiveCfg = Release|Any CPU
		{C05F20B9-3B8C-4684-93C9-955428781F77}.Release|Any CPU.Build.0 = Release|Any CPU
	EndGlobalSection
	GlobalSection(SolutionProperties) = preSolution
		HideSolutionNode = FALSE
	EndGlobalSection
	GlobalSection(NestedProjects) = preSolution
		{551955B5-3AF1-44E2-AEE9-CBDDCC1406E5} = {B1640145-5ECA-430F-92FE-0A9149486E5C}
		{85E1C3C4-E32E-4F09-9096-EDB8B12F77EB} = {8487A99A-146C-4BB0-82BD-C7F4FDC7107B}
		{1CA5EE9F-5FEF-4ECF-9D47-E958FA85E455} = {6B8AC0EA-F61F-4BEF-85AD-7588C45C8809}
		{0FDFE012-C027-46EA-9C85-4739280A989E} = {3198AFA7-D713-4A4A-896F-260989301E7B}
		{C2798109-6366-4DF4-BA31-AB9B52EE4A8C} = {32AE4C49-95BD-4F7F-B35A-F51B22B28C4D}
		{19E363E5-D7F1-48E2-A2DA-4A28EEE373D1} = {B9C72E3D-EA71-43D4-A892-32345A766DF0}
		{9FA01061-01B8-460D-AFE0-C2F56473F208} = {C763DB37-2083-4132-8AC9-CB96A0A95502}
		{252EF1CD-8659-4157-A2C6-8C19A7004330} = {010B9BB4-45F5-4400-9E82-EADECC4CC6F9}
		{C4F7CAA9-74C0-46AF-8686-A69A975F1A84} = {DC153088-8BEC-4767-9094-AAD4B13E1BD0}
		{34045977-40F9-4161-B1CA-D9E692439463} = {27FB8D24-5029-40BB-834F-1CF2668849C8}
		{0AF34E0F-FC6B-41DD-87AA-968915F60761} = {EDF8C1F3-7F76-4080-9C52-B148CD19D04E}
		{3D6D3001-8EAF-460C-AA7D-C4E2BB4260FF} = {8C20B7B8-CF6A-4CEA-A2CF-EC23BA1A1F6F}
		{D66B946B-AD40-47A6-B6C8-D265CB1931EB} = {8C20B7B8-CF6A-4CEA-A2CF-EC23BA1A1F6F}
		{C05F20B9-3B8C-4684-93C9-955428781F77} = {8C20B7B8-CF6A-4CEA-A2CF-EC23BA1A1F6F}
	EndGlobalSection
	GlobalSection(ExtensibilityGlobals) = postSolution
		SolutionGuid = {FA6127CB-5076-4BE4-95DB-076FEA7EA3D2}
	EndGlobalSection
EndGlobal
