
Microsoft Visual Studio Solution File, Format Version 12.00
# Visual Studio Version 17
VisualStudioVersion = 17.10.35013.160
MinimumVisualStudioVersion = 10.0.40219.1
Project("{FAE04EC0-301F-11D3-BF4B-00C04F79EFBC}") = "RaceTrack", "RaceTrack\RaceTrack.csproj", "{195EC21D-0101-4041-A102-24E3217E83BE}"
EndProject
Global
	GlobalSection(SolutionConfigurationPlatforms) = preSolution
		Debug|Any CPU = Debug|Any CPU
		Release|Any CPU = Release|Any CPU
	EndGlobalSection
	GlobalSection(ProjectConfigurationPlatforms) = postSolution
		{195EC21D-0101-4041-A102-24E3217E83BE}.Debug|Any CPU.ActiveCfg = Debug|Any CPU
		{195EC21D-0101-4041-A102-24E3217E83BE}.Debug|Any CPU.Build.0 = Debug|Any CPU
		{195EC21D-0101-4041-A102-24E3217E83BE}.Release|Any CPU.ActiveCfg = Release|Any CPU
		{195EC21D-0101-4041-A102-24E3217E83BE}.Release|Any CPU.Build.0 = Release|Any CPU
	EndGlobalSection
	GlobalSection(SolutionProperties) = preSolution
		HideSolutionNode = FALSE
	EndGlobalSection
	GlobalSection(ExtensibilityGlobals) = postSolution
		SolutionGuid = {321E0501-A3D8-401E-8303-770CF1FF798A}
	EndGlobalSection
EndGlobal
